
Microsoft Visual Studio Solution File, Format Version 12.00
# Visual Studio 15
VisualStudioVersion = 15.0.27703.2035
MinimumVisualStudioVersion = 10.0.40219.1
Project("{159641D6-6404-4A2A-AE62-294DE0FE8301}") = "SQL Task", "SQL Task\SQL Task.dtproj", "{FAEFF15B-796A-486D-9AA8-9CEE4DCFAE9A}"
EndProject
Global
	GlobalSection(SolutionConfigurationPlatforms) = preSolution
		Development|Default = Development|Default
	EndGlobalSection
	GlobalSection(ProjectConfigurationPlatforms) = postSolution
		{FAEFF15B-796A-486D-9AA8-9CEE4DCFAE9A}.Development|Default.ActiveCfg = Development
		{FAEFF15B-796A-486D-9AA8-9CEE4DCFAE9A}.Development|Default.Build.0 = Development
	EndGlobalSection
	GlobalSection(SolutionProperties) = preSolution
		HideSolutionNode = FALSE
	EndGlobalSection
	GlobalSection(ExtensibilityGlobals) = postSolution
		SolutionGuid = {FA444A4A-E590-4B34-86BB-5B963A684C96}
	EndGlobalSection
EndGlobal
